
Microsoft Visual Studio Solution File, Format Version 12.00
# Visual Studio Version 17
VisualStudioVersion = 17.9.34728.123
MinimumVisualStudioVersion = 10.0.40219.1
Project("{FAE04EC0-301F-11D3-BF4B-00C04F79EFBC}") = "ParkEasyNBP.API", "ParkEasyNBP.API\ParkEasyNBP.API.csproj", "{87C984CF-8CA6-433A-AFE7-E62C2B6E9947}"
EndProject
Project("{FAE04EC0-301F-11D3-BF4B-00C04F79EFBC}") = "ParkEasyNBP.Domain", "ParkEasyNBP.Domain\ParkEasyNBP.Domain.csproj", "{D17F5D06-8412-48A1-8F72-8D1E5D85263B}"
EndProject
Global
	GlobalSection(SolutionConfigurationPlatforms) = preSolution
		Debug|Any CPU = Debug|Any CPU
		Release|Any CPU = Release|Any CPU
	EndGlobalSection
	GlobalSection(ProjectConfigurationPlatforms) = postSolution
		{87C984CF-8CA6-433A-AFE7-E62C2B6E9947}.Debug|Any CPU.ActiveCfg = Debug|Any CPU
		{87C984CF-8CA6-433A-AFE7-E62C2B6E9947}.Debug|Any CPU.Build.0 = Debug|Any CPU
		{87C984CF-8CA6-433A-AFE7-E62C2B6E9947}.Release|Any CPU.ActiveCfg = Release|Any CPU
		{87C984CF-8CA6-433A-AFE7-E62C2B6E9947}.Release|Any CPU.Build.0 = Release|Any CPU
		{D17F5D06-8412-48A1-8F72-8D1E5D85263B}.Debug|Any CPU.ActiveCfg = Debug|Any CPU
		{D17F5D06-8412-48A1-8F72-8D1E5D85263B}.Debug|Any CPU.Build.0 = Debug|Any CPU
		{D17F5D06-8412-48A1-8F72-8D1E5D85263B}.Release|Any CPU.ActiveCfg = Release|Any CPU
		{D17F5D06-8412-48A1-8F72-8D1E5D85263B}.Release|Any CPU.Build.0 = Release|Any CPU
	EndGlobalSection
	GlobalSection(SolutionProperties) = preSolution
		HideSolutionNode = FALSE
	EndGlobalSection
	GlobalSection(ExtensibilityGlobals) = postSolution
		SolutionGuid = {335D7FE5-749E-45B9-B407-E4FE0CC2F242}
	EndGlobalSection
EndGlobal
