
Microsoft Visual Studio Solution File, Format Version 12.00
# Visual Studio Version 17
VisualStudioVersion = 17.9.34728.123
MinimumVisualStudioVersion = 10.0.40219.1
Project("{9A19103F-16F7-4668-BE54-9A1E7A4F7556}") = "ParkEasyNBP.API", "ParkEasyNBP.API\ParkEasyNBP.API.csproj", "{87C984CF-8CA6-433A-AFE7-E62C2B6E9947}"
EndProject
Project("{9A19103F-16F7-4668-BE54-9A1E7A4F7556}") = "ParkEasyNBP.Domain", "ParkEasyNBP.Domain\ParkEasyNBP.Domain.csproj", "{D17F5D06-8412-48A1-8F72-8D1E5D85263B}"
EndProject
Project("{9A19103F-16F7-4668-BE54-9A1E7A4F7556}") = "ParkEasyNBP.Infrastructure.SqlServer", "ParkEasyNBP.Infrastructure.SqlServer\ParkEasyNBP.Infrastructure.SqlServer.csproj", "{E6EAAED5-79CF-4C3B-9521-30EDE586FA0D}"
EndProject
Project("{9A19103F-16F7-4668-BE54-9A1E7A4F7556}") = "ParkEasyNBP.Application", "ParkEasyNBP.Application\ParkEasyNBP.Application.csproj", "{9D6531D3-588D-4023-BCA3-F6CE6D592859}"
EndProject
Project("{9A19103F-16F7-4668-BE54-9A1E7A4F7556}") = "Repository", "Repository\Repository.csproj", "{BD7D05AF-E46F-4040-8E7B-A6E76D8A9A9A}"
EndProject
Project("{FAE04EC0-301F-11D3-BF4B-00C04F79EFBC}") = "Infrastructure.MongoDB", "Infrastructure.MongoDB\Infrastructure.MongoDB.csproj", "{D226A16C-60E2-4C3F-B325-1DAE7AB35B17}"
EndProject
Global
	GlobalSection(SolutionConfigurationPlatforms) = preSolution
		Debug|Any CPU = Debug|Any CPU
		Release|Any CPU = Release|Any CPU
	EndGlobalSection
	GlobalSection(ProjectConfigurationPlatforms) = postSolution
		{87C984CF-8CA6-433A-AFE7-E62C2B6E9947}.Debug|Any CPU.ActiveCfg = Debug|Any CPU
		{87C984CF-8CA6-433A-AFE7-E62C2B6E9947}.Debug|Any CPU.Build.0 = Debug|Any CPU
		{87C984CF-8CA6-433A-AFE7-E62C2B6E9947}.Release|Any CPU.ActiveCfg = Release|Any CPU
		{87C984CF-8CA6-433A-AFE7-E62C2B6E9947}.Release|Any CPU.Build.0 = Release|Any CPU
		{D17F5D06-8412-48A1-8F72-8D1E5D85263B}.Debug|Any CPU.ActiveCfg = Debug|Any CPU
		{D17F5D06-8412-48A1-8F72-8D1E5D85263B}.Debug|Any CPU.Build.0 = Debug|Any CPU
		{D17F5D06-8412-48A1-8F72-8D1E5D85263B}.Release|Any CPU.ActiveCfg = Release|Any CPU
		{D17F5D06-8412-48A1-8F72-8D1E5D85263B}.Release|Any CPU.Build.0 = Release|Any CPU
		{E6EAAED5-79CF-4C3B-9521-30EDE586FA0D}.Debug|Any CPU.ActiveCfg = Debug|Any CPU
		{E6EAAED5-79CF-4C3B-9521-30EDE586FA0D}.Debug|Any CPU.Build.0 = Debug|Any CPU
		{E6EAAED5-79CF-4C3B-9521-30EDE586FA0D}.Release|Any CPU.ActiveCfg = Release|Any CPU
		{E6EAAED5-79CF-4C3B-9521-30EDE586FA0D}.Release|Any CPU.Build.0 = Release|Any CPU
		{9D6531D3-588D-4023-BCA3-F6CE6D592859}.Debug|Any CPU.ActiveCfg = Debug|Any CPU
		{9D6531D3-588D-4023-BCA3-F6CE6D592859}.Debug|Any CPU.Build.0 = Debug|Any CPU
		{9D6531D3-588D-4023-BCA3-F6CE6D592859}.Release|Any CPU.ActiveCfg = Release|Any CPU
		{9D6531D3-588D-4023-BCA3-F6CE6D592859}.Release|Any CPU.Build.0 = Release|Any CPU
		{BD7D05AF-E46F-4040-8E7B-A6E76D8A9A9A}.Debug|Any CPU.ActiveCfg = Debug|Any CPU
		{BD7D05AF-E46F-4040-8E7B-A6E76D8A9A9A}.Debug|Any CPU.Build.0 = Debug|Any CPU
		{BD7D05AF-E46F-4040-8E7B-A6E76D8A9A9A}.Release|Any CPU.ActiveCfg = Release|Any CPU
		{BD7D05AF-E46F-4040-8E7B-A6E76D8A9A9A}.Release|Any CPU.Build.0 = Release|Any CPU
		{D226A16C-60E2-4C3F-B325-1DAE7AB35B17}.Debug|Any CPU.ActiveCfg = Debug|Any CPU
		{D226A16C-60E2-4C3F-B325-1DAE7AB35B17}.Debug|Any CPU.Build.0 = Debug|Any CPU
		{D226A16C-60E2-4C3F-B325-1DAE7AB35B17}.Release|Any CPU.ActiveCfg = Release|Any CPU
		{D226A16C-60E2-4C3F-B325-1DAE7AB35B17}.Release|Any CPU.Build.0 = Release|Any CPU
	EndGlobalSection
	GlobalSection(SolutionProperties) = preSolution
		HideSolutionNode = FALSE
	EndGlobalSection
	GlobalSection(ExtensibilityGlobals) = postSolution
		SolutionGuid = {335D7FE5-749E-45B9-B407-E4FE0CC2F242}
	EndGlobalSection
EndGlobal
